
Microsoft Visual Studio Solution File, Format Version 12.00
# Visual Studio Version 16
VisualStudioVersion = 16.0.31729.503
MinimumVisualStudioVersion = 10.0.40219.1
Project("{FAE04EC0-301F-11D3-BF4B-00C04F79EFBC}") = "seminario1_ordenamientoburbuja", "seminario1_ordenamientoburbuja.csproj", "{B2249827-EE51-46C0-BF67-45EFA8BC5081}"
EndProject
Global
	GlobalSection(SolutionConfigurationPlatforms) = preSolution
		Debug|Any CPU = Debug|Any CPU
		Release|Any CPU = Release|Any CPU
	EndGlobalSection
	GlobalSection(ProjectConfigurationPlatforms) = postSolution
		{B2249827-EE51-46C0-BF67-45EFA8BC5081}.Debug|Any CPU.ActiveCfg = Debug|Any CPU
		{B2249827-EE51-46C0-BF67-45EFA8BC5081}.Debug|Any CPU.Build.0 = Debug|Any CPU
		{B2249827-EE51-46C0-BF67-45EFA8BC5081}.Release|Any CPU.ActiveCfg = Release|Any CPU
		{B2249827-EE51-46C0-BF67-45EFA8BC5081}.Release|Any CPU.Build.0 = Release|Any CPU
	EndGlobalSection
	GlobalSection(SolutionProperties) = preSolution
		HideSolutionNode = FALSE
	EndGlobalSection
	GlobalSection(ExtensibilityGlobals) = postSolution
		SolutionGuid = {7B628D2F-4F4D-4931-89E0-6B7CC3374096}
	EndGlobalSection
EndGlobal
